
Microsoft Visual Studio Solution File, Format Version 12.00
# Visual Studio 15
VisualStudioVersion = 15.0.27130.2010
MinimumVisualStudioVersion = 10.0.40219.1
Project("{FAE04EC0-301F-11D3-BF4B-00C04F79EFBC}") = "ICT13570014EndB.Android", "ICT13570014EndB\ICT13570014EndB.Android\ICT13570014EndB.Android.csproj", "{1B749D9F-5F18-44E2-AB03-CA17902ABA14}"
EndProject
Project("{FAE04EC0-301F-11D3-BF4B-00C04F79EFBC}") = "ICT13570014EndB.iOS", "ICT13570014EndB\ICT13570014EndB.iOS\ICT13570014EndB.iOS.csproj", "{78D73D6B-2DA7-491F-A89E-90F9CA662F71}"
EndProject
Project("{FAE04EC0-301F-11D3-BF4B-00C04F79EFBC}") = "ICT13570014EndB", "ICT13570014EndB\ICT13570014EndB\ICT13570014EndB.csproj", "{C03F6D4B-2A39-4860-8A6F-5F15C36C1221}"
EndProject
Global
	GlobalSection(SolutionConfigurationPlatforms) = preSolution
		Ad-Hoc|Any CPU = Ad-Hoc|Any CPU
		Ad-Hoc|iPhone = Ad-Hoc|iPhone
		Ad-Hoc|iPhoneSimulator = Ad-Hoc|iPhoneSimulator
		AppStore|Any CPU = AppStore|Any CPU
		AppStore|iPhone = AppStore|iPhone
		AppStore|iPhoneSimulator = AppStore|iPhoneSimulator
		Debug|Any CPU = Debug|Any CPU
		Debug|iPhone = Debug|iPhone
		Debug|iPhoneSimulator = Debug|iPhoneSimulator
		Release|Any CPU = Release|Any CPU
		Release|iPhone = Release|iPhone
		Release|iPhoneSimulator = Release|iPhoneSimulator
	EndGlobalSection
	GlobalSection(ProjectConfigurationPlatforms) = postSolution
		{1B749D9F-5F18-44E2-AB03-CA17902ABA14}.Ad-Hoc|Any CPU.ActiveCfg = Release|Any CPU
		{1B749D9F-5F18-44E2-AB03-CA17902ABA14}.Ad-Hoc|Any CPU.Build.0 = Release|Any CPU
		{1B749D9F-5F18-44E2-AB03-CA17902ABA14}.Ad-Hoc|Any CPU.Deploy.0 = Release|Any CPU
		{1B749D9F-5F18-44E2-AB03-CA17902ABA14}.Ad-Hoc|iPhone.ActiveCfg = Release|Any CPU
		{1B749D9F-5F18-44E2-AB03-CA17902ABA14}.Ad-Hoc|iPhone.Build.0 = Release|Any CPU
		{1B749D9F-5F18-44E2-AB03-CA17902ABA14}.Ad-Hoc|iPhone.Deploy.0 = Release|Any CPU
		{1B749D9F-5F18-44E2-AB03-CA17902ABA14}.Ad-Hoc|iPhoneSimulator.ActiveCfg = Release|Any CPU
		{1B749D9F-5F18-44E2-AB03-CA17902ABA14}.Ad-Hoc|iPhoneSimulator.Build.0 = Release|Any CPU
		{1B749D9F-5F18-44E2-AB03-CA17902ABA14}.Ad-Hoc|iPhoneSimulator.Deploy.0 = Release|Any CPU
		{1B749D9F-5F18-44E2-AB03-CA17902ABA14}.AppStore|Any CPU.ActiveCfg = Release|Any CPU
		{1B749D9F-5F18-44E2-AB03-CA17902ABA14}.AppStore|Any CPU.Build.0 = Release|Any CPU
		{1B749D9F-5F18-44E2-AB03-CA17902ABA14}.AppStore|Any CPU.Deploy.0 = Release|Any CPU
		{1B749D9F-5F18-44E2-AB03-CA17902ABA14}.AppStore|iPhone.ActiveCfg = Release|Any CPU
		{1B749D9F-5F18-44E2-AB03-CA17902ABA14}.AppStore|iPhone.Build.0 = Release|Any CPU
		{1B749D9F-5F18-44E2-AB03-CA17902ABA14}.AppStore|iPhone.Deploy.0 = Release|Any CPU
		{1B749D9F-5F18-44E2-AB03-CA17902ABA14}.AppStore|iPhoneSimulator.ActiveCfg = Release|Any CPU
		{1B749D9F-5F18-44E2-AB03-CA17902ABA14}.AppStore|iPhoneSimulator.Build.0 = Release|Any CPU
		{1B749D9F-5F18-44E2-AB03-CA17902ABA14}.AppStore|iPhoneSimulator.Deploy.0 = Release|Any CPU
		{1B749D9F-5F18-44E2-AB03-CA17902ABA14}.Debug|Any CPU.ActiveCfg = Debug|Any CPU
		{1B749D9F-5F18-44E2-AB03-CA17902ABA14}.Debug|Any CPU.Build.0 = Debug|Any CPU
		{1B749D9F-5F18-44E2-AB03-CA17902ABA14}.Debug|Any CPU.Deploy.0 = Debug|Any CPU
		{1B749D9F-5F18-44E2-AB03-CA17902ABA14}.Debug|iPhone.ActiveCfg = Debug|Any CPU
		{1B749D9F-5F18-44E2-AB03-CA17902ABA14}.Debug|iPhone.Build.0 = Debug|Any CPU
		{1B749D9F-5F18-44E2-AB03-CA17902ABA14}.Debug|iPhone.Deploy.0 = Debug|Any CPU
		{1B749D9F-5F18-44E2-AB03-CA17902ABA14}.Debug|iPhoneSimulator.ActiveCfg = Debug|Any CPU
		{1B749D9F-5F18-44E2-AB03-CA17902ABA14}.Debug|iPhoneSimulator.Build.0 = Debug|Any CPU
		{1B749D9F-5F18-44E2-AB03-CA17902ABA14}.Debug|iPhoneSimulator.Deploy.0 = Debug|Any CPU
		{1B749D9F-5F18-44E2-AB03-CA17902ABA14}.Release|Any CPU.ActiveCfg = Release|Any CPU
		{1B749D9F-5F18-44E2-AB03-CA17902ABA14}.Release|Any CPU.Build.0 = Release|Any CPU
		{1B749D9F-5F18-44E2-AB03-CA17902ABA14}.Release|Any CPU.Deploy.0 = Release|Any CPU
		{1B749D9F-5F18-44E2-AB03-CA17902ABA14}.Release|iPhone.ActiveCfg = Release|Any CPU
		{1B749D9F-5F18-44E2-AB03-CA17902ABA14}.Release|iPhone.Build.0 = Release|Any CPU
		{1B749D9F-5F18-44E2-AB03-CA17902ABA14}.Release|iPhone.Deploy.0 = Release|Any CPU
		{1B749D9F-5F18-44E2-AB03-CA17902ABA14}.Release|iPhoneSimulator.ActiveCfg = Release|Any CPU
		{1B749D9F-5F18-44E2-AB03-CA17902ABA14}.Release|iPhoneSimulator.Build.0 = Release|Any CPU
		{1B749D9F-5F18-44E2-AB03-CA17902ABA14}.Release|iPhoneSimulator.Deploy.0 = Release|Any CPU
		{78D73D6B-2DA7-491F-A89E-90F9CA662F71}.Ad-Hoc|Any CPU.ActiveCfg = Ad-Hoc|iPhone
		{78D73D6B-2DA7-491F-A89E-90F9CA662F71}.Ad-Hoc|iPhone.ActiveCfg = Ad-Hoc|iPhone
		{78D73D6B-2DA7-491F-A89E-90F9CA662F71}.Ad-Hoc|iPhone.Build.0 = Ad-Hoc|iPhone
		{78D73D6B-2DA7-491F-A89E-90F9CA662F71}.Ad-Hoc|iPhoneSimulator.ActiveCfg = Ad-Hoc|iPhoneSimulator
		{78D73D6B-2DA7-491F-A89E-90F9CA662F71}.Ad-Hoc|iPhoneSimulator.Build.0 = Ad-Hoc|iPhoneSimulator
		{78D73D6B-2DA7-491F-A89E-90F9CA662F71}.AppStore|Any CPU.ActiveCfg = AppStore|iPhone
		{78D73D6B-2DA7-491F-A89E-90F9CA662F71}.AppStore|iPhone.ActiveCfg = AppStore|iPhone
		{78D73D6B-2DA7-491F-A89E-90F9CA662F71}.AppStore|iPhone.Build.0 = AppStore|iPhone
		{78D73D6B-2DA7-491F-A89E-90F9CA662F71}.AppStore|iPhoneSimulator.ActiveCfg = AppStore|iPhoneSimulator
		{78D73D6B-2DA7-491F-A89E-90F9CA662F71}.AppStore|iPhoneSimulator.Build.0 = AppStore|iPhoneSimulator
		{78D73D6B-2DA7-491F-A89E-90F9CA662F71}.Debug|Any CPU.ActiveCfg = Debug|iPhone
		{78D73D6B-2DA7-491F-A89E-90F9CA662F71}.Debug|iPhone.ActiveCfg = Debug|iPhone
		{78D73D6B-2DA7-491F-A89E-90F9CA662F71}.Debug|iPhone.Build.0 = Debug|iPhone
		{78D73D6B-2DA7-491F-A89E-90F9CA662F71}.Debug|iPhoneSimulator.ActiveCfg = Debug|iPhoneSimulator
		{78D73D6B-2DA7-491F-A89E-90F9CA662F71}.Debug|iPhoneSimulator.Build.0 = Debug|iPhoneSimulator
		{78D73D6B-2DA7-491F-A89E-90F9CA662F71}.Release|Any CPU.ActiveCfg = Release|iPhone
		{78D73D6B-2DA7-491F-A89E-90F9CA662F71}.Release|iPhone.ActiveCfg = Release|iPhone
		{78D73D6B-2DA7-491F-A89E-90F9CA662F71}.Release|iPhone.Build.0 = Release|iPhone
		{78D73D6B-2DA7-491F-A89E-90F9CA662F71}.Release|iPhoneSimulator.ActiveCfg = Release|iPhoneSimulator
		{78D73D6B-2DA7-491F-A89E-90F9CA662F71}.Release|iPhoneSimulator.Build.0 = Release|iPhoneSimulator
		{C03F6D4B-2A39-4860-8A6F-5F15C36C1221}.Ad-Hoc|Any CPU.ActiveCfg = Debug|Any CPU
		{C03F6D4B-2A39-4860-8A6F-5F15C36C1221}.Ad-Hoc|Any CPU.Build.0 = Debug|Any CPU
		{C03F6D4B-2A39-4860-8A6F-5F15C36C1221}.Ad-Hoc|iPhone.ActiveCfg = Debug|Any CPU
		{C03F6D4B-2A39-4860-8A6F-5F15C36C1221}.Ad-Hoc|iPhone.Build.0 = Debug|Any CPU
		{C03F6D4B-2A39-4860-8A6F-5F15C36C1221}.Ad-Hoc|iPhoneSimulator.ActiveCfg = Debug|Any CPU
		{C03F6D4B-2A39-4860-8A6F-5F15C36C1221}.Ad-Hoc|iPhoneSimulator.Build.0 = Debug|Any CPU
		{C03F6D4B-2A39-4860-8A6F-5F15C36C1221}.AppStore|Any CPU.ActiveCfg = Debug|Any CPU
		{C03F6D4B-2A39-4860-8A6F-5F15C36C1221}.AppStore|Any CPU.Build.0 = Debug|Any CPU
		{C03F6D4B-2A39-4860-8A6F-5F15C36C1221}.AppStore|iPhone.ActiveCfg = Debug|Any CPU
		{C03F6D4B-2A39-4860-8A6F-5F15C36C1221}.AppStore|iPhone.Build.0 = Debug|Any CPU
		{C03F6D4B-2A39-4860-8A6F-5F15C36C1221}.AppStore|iPhoneSimulator.ActiveCfg = Debug|Any CPU
		{C03F6D4B-2A39-4860-8A6F-5F15C36C1221}.AppStore|iPhoneSimulator.Build.0 = Debug|Any CPU
		{C03F6D4B-2A39-4860-8A6F-5F15C36C1221}.Debug|Any CPU.ActiveCfg = Debug|Any CPU
		{C03F6D4B-2A39-4860-8A6F-5F15C36C1221}.Debug|Any CPU.Build.0 = Debug|Any CPU
		{C03F6D4B-2A39-4860-8A6F-5F15C36C1221}.Debug|iPhone.ActiveCfg = Debug|Any CPU
		{C03F6D4B-2A39-4860-8A6F-5F15C36C1221}.Debug|iPhone.Build.0 = Debug|Any CPU
		{C03F6D4B-2A39-4860-8A6F-5F15C36C1221}.Debug|iPhoneSimulator.ActiveCfg = Debug|Any CPU
		{C03F6D4B-2A39-4860-8A6F-5F15C36C1221}.Debug|iPhoneSimulator.Build.0 = Debug|Any CPU
		{C03F6D4B-2A39-4860-8A6F-5F15C36C1221}.Release|Any CPU.ActiveCfg = Release|Any CPU
		{C03F6D4B-2A39-4860-8A6F-5F15C36C1221}.Release|Any CPU.Build.0 = Release|Any CPU
		{C03F6D4B-2A39-4860-8A6F-5F15C36C1221}.Release|iPhone.ActiveCfg = Release|Any CPU
		{C03F6D4B-2A39-4860-8A6F-5F15C36C1221}.Release|iPhone.Build.0 = Release|Any CPU
		{C03F6D4B-2A39-4860-8A6F-5F15C36C1221}.Release|iPhoneSimulator.ActiveCfg = Release|Any CPU
		{C03F6D4B-2A39-4860-8A6F-5F15C36C1221}.Release|iPhoneSimulator.Build.0 = Release|Any CPU
	EndGlobalSection
	GlobalSection(SolutionProperties) = preSolution
		HideSolutionNode = FALSE
	EndGlobalSection
	GlobalSection(ExtensibilityGlobals) = postSolution
		SolutionGuid = {97065E25-9A77-420E-9410-A0E071620C9A}
	EndGlobalSection
EndGlobal
